
Microsoft Visual Studio Solution File, Format Version 12.00
# Visual Studio Version 17
VisualStudioVersion = 17.8.34601.278
MinimumVisualStudioVersion = 10.0.40219.1
Project("{FAE04EC0-301F-11D3-BF4B-00C04F79EFBC}") = "CatalogoMusicas", "CatalogoMusicas\CatalogoMusicas.csproj", "{D8CA5021-6161-4FDC-863C-979AA53E3F1E}"
EndProject
Global
	GlobalSection(SolutionConfigurationPlatforms) = preSolution
		Debug|Any CPU = Debug|Any CPU
		Release|Any CPU = Release|Any CPU
	EndGlobalSection
	GlobalSection(ProjectConfigurationPlatforms) = postSolution
		{D8CA5021-6161-4FDC-863C-979AA53E3F1E}.Debug|Any CPU.ActiveCfg = Debug|Any CPU
		{D8CA5021-6161-4FDC-863C-979AA53E3F1E}.Debug|Any CPU.Build.0 = Debug|Any CPU
		{D8CA5021-6161-4FDC-863C-979AA53E3F1E}.Release|Any CPU.ActiveCfg = Release|Any CPU
		{D8CA5021-6161-4FDC-863C-979AA53E3F1E}.Release|Any CPU.Build.0 = Release|Any CPU
	EndGlobalSection
	GlobalSection(SolutionProperties) = preSolution
		HideSolutionNode = FALSE
	EndGlobalSection
	GlobalSection(ExtensibilityGlobals) = postSolution
		SolutionGuid = {B9093F4A-1E27-422B-BE88-9FF5045891B9}
	EndGlobalSection
EndGlobal
